
Microsoft Visual Studio Solution File, Format Version 12.00
# Visual Studio 2013
VisualStudioVersion = 12.0.30501.0
MinimumVisualStudioVersion = 10.0.40219.1
Project("{8BC9CEB8-8B4A-11D0-8D11-00A0C91BC942}") = "Network4_client", "Network4_client\Network4_client.vcxproj", "{DD306F42-0EEC-4A97-B54B-0699EC146491}"
EndProject
Global
	GlobalSection(SolutionConfigurationPlatforms) = preSolution
		Debug|Win32 = Debug|Win32
		Release|Win32 = Release|Win32
	EndGlobalSection
	GlobalSection(ProjectConfigurationPlatforms) = postSolution
		{DD306F42-0EEC-4A97-B54B-0699EC146491}.Debug|Win32.ActiveCfg = Debug|Win32
		{DD306F42-0EEC-4A97-B54B-0699EC146491}.Debug|Win32.Build.0 = Debug|Win32
		{DD306F42-0EEC-4A97-B54B-0699EC146491}.Release|Win32.ActiveCfg = Release|Win32
		{DD306F42-0EEC-4A97-B54B-0699EC146491}.Release|Win32.Build.0 = Release|Win32
	EndGlobalSection
	GlobalSection(SolutionProperties) = preSolution
		HideSolutionNode = FALSE
	EndGlobalSection
EndGlobal
